{
    "hash": "58ecd3caf4ab0b7382973d54641dcb06",
    "packages": [
        {
            "package": "evenement/evenement",
            "version": "1.0.x-dev",
            "source-reference": "v1.0.0",
            "commit-date": "1338390068"
        },
        {
            "package": "react/async",
            "version": "dev-master",
            "source-reference": "42b3f74abb8e1984267d0899c0252ab1cc509059",
            "commit-date": "1346151501"
        },
        {
            "package": "react/curry",
            "version": "dev-master",
            "source-reference": "d2ab4a0ffd5c07f32db45a23a0cad2daef986d49",
            "commit-date": "1346437355"
        },
        {
            "package": "react/dns",
            "version": "v0.2.0"
        },
        {
            "package": "react/event-loop",
            "version": "v0.2.0"
        },
        {
            "package": "react/socket",
            "version": "v0.2.0"
        },
        {
            "package": "react/stream",
            "version": "v0.2.0"
        }
    ],
    "packages-dev": [

    ],
    "aliases": [

    ],
    "minimum-stability": "dev",
    "stability-flags": {
        "react/async": 20,
        "react/curry": 20
    }
}
