{
    "hash": "c81120a1f6c2e3f0050ff3fc9a6b44ce",
    "packages": [
        {
            "name": "evenement/evenement",
            "version": "1.0.x-dev",
            "source": {
                "type": "git",
                "url": "https://github.com/igorw/evenement",
                "reference": "e3069e43228cba12f3e6e76ad53401232f9bacfb"
            },
            "dist": {
                "type": "zip",
                "url": "https://github.com/igorw/evenement/zipball/e3069e43228cba12f3e6e76ad53401232f9bacfb",
                "reference": "e3069e43228cba12f3e6e76ad53401232f9bacfb",
                "shasum": ""
            },
            "require": {
                "php": ">=5.3.0"
            },
            "time": "1351867497",
            "type": "library",
            "extra": {
                "branch-alias": {
                    "dev-master": "2.0-dev"
                }
            },
            "installation-source": "source",
            "autoload": {
                "psr-0": {
                    "Evenement": "src"
                }
            },
            "license": [
                "MIT"
            ],
            "authors": [
                {
                    "name": "Igor Wiedler",
                    "email": "igor@wiedler.ch",
                    "homepage": "http://wiedler.ch/igor/"
                }
            ],
            "description": "Événement is a very simple event dispatching library for PHP 5.3",
            "keywords": [
                "event-dispatcher"
            ]
        },
        {
            "name": "react/curry",
            "version": "dev-master",
            "source": {
                "type": "git",
                "url": "https://github.com/reactphp/curry",
                "reference": "36b3688c27a6f51368fe73364cc84f2d12a700b1"
            },
            "dist": {
                "type": "zip",
                "url": "https://github.com/reactphp/curry/zipball/36b3688c27a6f51368fe73364cc84f2d12a700b1",
                "reference": "36b3688c27a6f51368fe73364cc84f2d12a700b1",
                "shasum": ""
            },
            "require": {
                "php": ">=5.3.2"
            },
            "time": "1351351089",
            "type": "library",
            "installation-source": "source",
            "autoload": {
                "psr-0": {
                    "React\\Curry": "src"
                }
            },
            "license": [
                "MIT"
            ],
            "description": "Partial function application.",
            "keywords": [
                "curry",
                "currying",
                "functional-programming"
            ]
        },
        {
            "name": "react/dns",
            "version": "v0.2.2",
            "target-dir": "React/Dns",
            "source": {
                "type": "git",
                "url": "https://github.com/reactphp/dns",
                "reference": "v0.2.2"
            },
            "dist": {
                "type": "zip",
                "url": "https://github.com/reactphp/dns/zipball/v0.2.2",
                "reference": "v0.2.2",
                "shasum": ""
            },
            "require": {
                "php": ">=5.3.2",
                "react/socket": "0.2.*"
            },
            "time": "2012-10-24 08:04:15",
            "type": "library",
            "installation-source": "dist",
            "autoload": {
                "psr-0": {
                    "React\\Dns": ""
                }
            },
            "license": [
                "MIT"
            ],
            "description": "Async DNS resolver.",
            "keywords": [
                "dns",
                "dns-resolver"
            ]
        },
        {
            "name": "react/event-loop",
            "version": "dev-master",
            "target-dir": "React/EventLoop",
            "source": {
                "type": "git",
                "url": "https://github.com/reactphp/event-loop",
                "reference": "9388c315bd2ef516ce465fd7de6d179f5c450fbc"
            },
            "dist": {
                "type": "zip",
                "url": "https://github.com/reactphp/event-loop/archive/9388c315bd2ef516ce465fd7de6d179f5c450fbc.zip",
                "reference": "9388c315bd2ef516ce465fd7de6d179f5c450fbc",
                "shasum": ""
            },
            "require": {
                "php": ">=5.3.3"
            },
            "suggest": {
                "ext-libevent": ">=0.0.5"
            },
            "time": "1352121935",
            "type": "library",
            "extra": {
                "branch-alias": {
                    "dev-master": "0.2-dev"
                }
            },
            "installation-source": "source",
            "autoload": {
                "psr-0": {
                    "React\\EventLoop": ""
                }
            },
            "license": [
                "MIT"
            ],
            "description": "Event loop abstraction layer that libraries can use for evented I/O.",
            "keywords": [
                "event-loop"
            ]
        },
        {
            "name": "react/promise",
            "version": "dev-master",
            "source": {
                "type": "git",
                "url": "https://github.com/reactphp/promise",
                "reference": "22dc5c275d548880677dca91f94d1e6104b5e6fa"
            },
            "dist": {
                "type": "zip",
                "url": "https://github.com/reactphp/promise/archive/22dc5c275d548880677dca91f94d1e6104b5e6fa.zip",
                "reference": "22dc5c275d548880677dca91f94d1e6104b5e6fa",
                "shasum": ""
            },
            "require": {
                "php": ">=5.3.3"
            },
            "time": "1352316968",
            "type": "library",
            "installation-source": "source",
            "autoload": {
                "psr-0": {
                    "React\\Promise": "src/"
                }
            },
            "license": [
                "MIT"
            ],
            "authors": [
                {
                    "name": "Jan Sorgalla",
                    "email": "jsorgalla@googlemail.com",
                    "homepage": "http://sorgalla.com",
                    "role": "maintainer"
                }
            ],
            "description": "A lightweight implementation of CommonJS Promises/A for PHP"
        },
        {
            "name": "react/socket",
            "version": "dev-master",
            "target-dir": "React/Socket",
            "source": {
                "type": "git",
                "url": "https://github.com/reactphp/socket",
                "reference": "84ea91324b8f621efd34679dad4600f8e61b7021"
            },
            "dist": {
                "type": "zip",
                "url": "https://github.com/reactphp/socket/archive/84ea91324b8f621efd34679dad4600f8e61b7021.zip",
                "reference": "84ea91324b8f621efd34679dad4600f8e61b7021",
                "shasum": ""
            },
            "require": {
                "evenement/evenement": "1.0.*",
                "php": ">=5.3.3",
                "react/event-loop": "0.2.*",
                "react/stream": "0.2.*"
            },
            "time": "1352121935",
            "type": "library",
            "extra": {
                "branch-alias": {
                    "dev-master": "0.2-dev"
                }
            },
            "installation-source": "source",
            "autoload": {
                "psr-0": {
                    "React\\Socket": ""
                }
            },
            "license": [
                "MIT"
            ],
            "description": "Library for building an evented socket server.",
            "keywords": [
                "Socket"
            ]
        },
        {
            "name": "react/stream",
            "version": "dev-master",
            "target-dir": "React/Stream",
            "source": {
                "type": "git",
                "url": "https://github.com/reactphp/stream",
                "reference": "f44ee584058dbd30d471a4c210071a5618e61545"
            },
            "dist": {
                "type": "zip",
                "url": "https://github.com/reactphp/stream/archive/f44ee584058dbd30d471a4c210071a5618e61545.zip",
                "reference": "f44ee584058dbd30d471a4c210071a5618e61545",
                "shasum": ""
            },
            "require": {
                "evenement/evenement": "1.0.*",
                "php": ">=5.3.3"
            },
            "suggest": {
                "react/event-loop": "0.2.*"
            },
            "time": "1352121935",
            "type": "library",
            "extra": {
                "branch-alias": {
                    "dev-master": "0.2-dev"
                }
            },
            "installation-source": "source",
            "autoload": {
                "psr-0": {
                    "React\\Stream": ""
                }
            },
            "license": [
                "MIT"
            ],
            "description": "Basic readable and writable stream interfaces that support piping.",
            "keywords": [
                "stream",
                "pipe"
            ]
        }
    ],
    "packages-dev": null,
    "aliases": [

    ],
    "minimum-stability": "stable",
    "stability-flags": {
        "react/curry": 20,
        "react/promise": 20
    }
}
